
Microsoft Visual Studio Solution File, Format Version 12.00
# Visual Studio 15
VisualStudioVersion = 15.0.28307.136
MinimumVisualStudioVersion = 10.0.40219.1
Project("{FAE04EC0-301F-11D3-BF4B-00C04F79EFBC}") = "HDDActivity", "HDDActivity\HDDActivity.csproj", "{99769011-96C8-4E8F-9080-302000463002}"
EndProject
Global
	GlobalSection(SolutionConfigurationPlatforms) = preSolution
		Debug|Any CPU = Debug|Any CPU
		Release|Any CPU = Release|Any CPU
	EndGlobalSection
	GlobalSection(ProjectConfigurationPlatforms) = postSolution
		{99769011-96C8-4E8F-9080-302000463002}.Debug|Any CPU.ActiveCfg = Debug|Any CPU
		{99769011-96C8-4E8F-9080-302000463002}.Debug|Any CPU.Build.0 = Debug|Any CPU
		{99769011-96C8-4E8F-9080-302000463002}.Release|Any CPU.ActiveCfg = Release|Any CPU
		{99769011-96C8-4E8F-9080-302000463002}.Release|Any CPU.Build.0 = Release|Any CPU
	EndGlobalSection
	GlobalSection(SolutionProperties) = preSolution
		HideSolutionNode = FALSE
	EndGlobalSection
	GlobalSection(ExtensibilityGlobals) = postSolution
		SolutionGuid = {62700025-CB91-47B1-AE70-662F158113E5}
	EndGlobalSection
EndGlobal
